NeoBundleLock vim-session 4fb9cdde57d49fc45f9c9e81b693f55e89464bf0
NeoBundleLock ag.vim d3a00f8affb091e7a14eb34f1beb9db9bb57a4bf
NeoBundleLock gitsessions.vim 08752d921e06cdd6413ae2bc874f77dc8dd02f53
NeoBundleLock vim-colors-pencil b79c5177caac6810af07cb15e4f6db9324f1f42f
NeoBundleLock unite-tag ce5d535025560a8ba890f6c9e9e8e386db40a6f2
NeoBundleLock vim-fish 825853f4816a07e59ea2ecee1190ab6a5d9ef991
NeoBundleLock vim-surround fa433e0b7330753688f715f3be5d10dc480f20e5
NeoBundleLock vimshell.vim 9d7032278910322bd0b390262ec440ed16504d38
NeoBundleLock smartgf.vim a8d583f5888a77d6d59b3f1e3a4f2ec59bf0cea8
NeoBundleLock vim-haml 204e32721154766e03e99ff857bc798aa5b741dc
NeoBundleLock Tabular 4c3eafd97f0c0199a8630fb77c2160c58142d524
NeoBundleLock vim-tags 2326af6b4143a545c91047c10b4e62b30c6023bf
NeoBundleLock vim-lion 5fa766eb22e440ac68bc5f973a440f78a865bf2b
NeoBundleLock unite-bibtex 949736cb370702183b0b07b7d12f9a110ff89321
NeoBundleLock colorizer 54504c53cb665c17ad89311e15649dc4651cb725
NeoBundleLock vim-startify 18cc9ae8ccc1cee789ed37c8409599117a73e105
NeoBundleLock vim-cucumber 8f4826012771e6ce7871923bed1bbb68834c8dfc
NeoBundleLock unite-rake 8050686ff413450d6b70bcff75781e9814c64420
NeoBundleLock vim-ruby-minitest e77ac79b6a0165f889a5705ace75568aea853193
NeoBundleLock vim-misc 038faedc0767141dd4469978bc6575807fa3eb31
NeoBundleLock vim-fugitive 2c8461db084d205903a792a23163faa546f143c9
NeoBundleLock neocomplete.vim f42df22b24f9708eb5cd9728cc604a7388a94c94
NeoBundleLock vim-rails f7d264fc27b3dfcbc54f8b16f3ae6aea4f92ee4c
NeoBundleLock vim-repeat 2a3c5f8e3c26a57b8eb4cfc4be79615a1c508ef6
NeoBundleLock vim-rake 13533d90cfcc735cf4e187eb0c223289ed2dbb1c
NeoBundleLock vim-markdown f552a9e352301340ae4345a8a447231884154d37
NeoBundleLock vim-rspec 65735f6416feccbc0ea408f3d6fc3fefc7be0b3f
NeoBundleLock gist-vim d609d93472db9cf45bd701bebe51adc356631547
NeoBundleLock incsearch.vim f9d7f6ab522700fb77b498aaca3faf9e210ce5a9
NeoBundleLock unite.vim 22e1307fb6664192d3a6f526291282b8368438ed
NeoBundleLock vim-gitgutter 88c7916d2f653e13cbbcd2c461c83c403d09ca46
NeoBundleLock candyVirus dec2883f26d11005c65139706f23c619217134e7
NeoBundleLock vim-tomorrow-theme f45a2ca260d825b6aee72621f8f6158d815ac472
NeoBundleLock vim-ruby 243d021449115235505350764bff00859ce4224f
NeoBundleLock vimfiler.vim d34bc5e5ad34d78d6459bff4921c5de27d765d38
NeoBundleLock unite-git_grep 6e38a1e3e2eee6e589c934dbef72230928ce196f
NeoBundleLock unite-grep a63e09f44fdd4b7ca8caa943afbfe482bfc4ee18
NeoBundleLock vim-endwise 96eb11755bb2d1a5583d44e9bcd10481bca45693
NeoBundleLock vim-obsession 4ab72e07ec3e25f33066217ddaf9863c7b597cf5
NeoBundleLock vim-extradite af4f3a51b6b654d655121b93c0cd9d8fe9a0c85d
NeoBundleLock junkfile.vim 959b3137dda456789d402b416d962baefc3b5ab4
NeoBundleLock sudo-gui.vim 5ee00d164d15265d31d3d948c84e61c1651da3bd
NeoBundleLock vim-commentary 9c685131a5facfa0d643feca3a61b41c007d8170
NeoBundleLock unite-outline 08e0a89494bbba2e040eebbfec894b5749c0c0e2
NeoBundleLock vim-pencil b60e5ba728c4505d3f25e7c3bc24c64e9a4ab578
NeoBundleLock neobundle.vim 679e1959515745b77d4123258ad7b6baee2399a0
NeoBundleLock unite-rails e173c8ec28c18744a0b778ef78b600ce8759914f
NeoBundleLock vim-rooter d34646afc5d9956bc4257d5663280bf5c2986bd8
NeoBundleLock neco-look 423ef2b180ceed9bf363943be4854b3f482a6280
NeoBundleLock vim-unite-giti 2159729405db75c8c0902e7b93623dc75a8b765b
NeoBundleLock vim-yankstack c6b96be20d9cfcbbcd7cc257a73274c6702d3fb7
NeoBundleLock vim-eunuch 8c996336ceecbfb7290c7c9b409195f190866548
NeoBundleLock rspec.vim 0dcb42f0e043715ab43367b3efa066b12289e366
NeoBundleLock neosnippet-snippets 74d7ebcb10f2e4035b7adedd36019d4e238827c1
NeoBundleLock vim-exchange 3eea6c08fd060a40061e38fe2eb6c171ee7a75bb
NeoBundleLock neomru.vim 7df9999b841228661ff73909c5b9e34952331e22
NeoBundleLock vim-unite-history 73c766a4dcaa52a1c0306aad81403dc4457c1776
NeoBundleLock syntastic 9fe26f71a4df2bdf8becd7e0fb601b4357867014
NeoBundleLock vim-coffee-script 827e4a38b07479433b619091469a7495a392df8a
NeoBundleLock vim-ragtag 12e379989e3258af0934e10173386235c7d69944
NeoBundleLock vim-projectionist ef252eb227928df6f63590f21584a46c08792021
NeoBundleLock vim-vroom ffc2985734fb964d4d072a925ea7d0041c716893
NeoBundleLock neosnippet 811176b29b1a60a164c9878f8dcbe4a680ee32e5
NeoBundleLock vim-characterize 871364dbc2bceab0db4e365a85e208ab6dd2c4fd
NeoBundleLock seoul256.vim 8d172be8f4d7938ad15474140d7a9b711b86e575
NeoBundleLock vim-colors-solarized 528a59f26d12278698bb946f8fb82a63711eec21
NeoBundleLock vim-snippets b1a62cfb14130e7a81fefe80f79099266fe89378
NeoBundleLock unite-help 5a8dc6cf157627f8ebf16ca60dec2d4125f8008f
NeoBundleLock vim-mustache-handlebars 291e49908af86f2805d1a93b6a476f04906e28e1
NeoBundleLock lightline.vim a7783e8c813c93d18cbe7346e44b841833275cc9
NeoBundleLock webapi-vim a7789abffe936db56e3152e23733847f94755753
