NeoBundleLock vim-session 4fb9cdde57d49fc45f9c9e81b693f55e89464bf0
NeoBundleLock ag.vim d3a00f8affb091e7a14eb34f1beb9db9bb57a4bf
NeoBundleLock gitsessions.vim 08752d921e06cdd6413ae2bc874f77dc8dd02f53
NeoBundleLock vim-colors-pencil b79c5177caac6810af07cb15e4f6db9324f1f42f
NeoBundleLock unite-tag ce5d535025560a8ba890f6c9e9e8e386db40a6f2
NeoBundleLock vim-fish 825853f4816a07e59ea2ecee1190ab6a5d9ef991
NeoBundleLock vim-surround fa433e0b7330753688f715f3be5d10dc480f20e5
NeoBundleLock vimshell.vim ec6516c71689faf067fa1ffdf6e59bf76adec336
NeoBundleLock smartgf.vim a1797b2858816bfe0d4ec53d4dfae602e85cbff5
NeoBundleLock vim-haml 204e32721154766e03e99ff857bc798aa5b741dc
NeoBundleLock Tabular 4c3eafd97f0c0199a8630fb77c2160c58142d524
NeoBundleLock vim-tags 2326af6b4143a545c91047c10b4e62b30c6023bf
NeoBundleLock vim-lion 5fa766eb22e440ac68bc5f973a440f78a865bf2b
NeoBundleLock colorizer 54504c53cb665c17ad89311e15649dc4651cb725
NeoBundleLock vim-startify f86d6049150ec73865408a2e34bbc80fdd22c076
NeoBundleLock vim-cucumber 8f4826012771e6ce7871923bed1bbb68834c8dfc
NeoBundleLock unite-rake 8050686ff413450d6b70bcff75781e9814c64420
NeoBundleLock vim-ruby-minitest e77ac79b6a0165f889a5705ace75568aea853193
NeoBundleLock vim-misc 038faedc0767141dd4469978bc6575807fa3eb31
NeoBundleLock vim-fugitive 2c8461db084d205903a792a23163faa546f143c9
NeoBundleLock neocomplete.vim ad27186136ef9b0cbee33ff9e94b251e6bb6f6eb
NeoBundleLock vim-rails 9ec44f4bcd63e29ba3f62266072ee12a2937e5e3
NeoBundleLock vim-repeat 2a3c5f8e3c26a57b8eb4cfc4be79615a1c508ef6
NeoBundleLock vim-rake 13533d90cfcc735cf4e187eb0c223289ed2dbb1c
NeoBundleLock vim-markdown f552a9e352301340ae4345a8a447231884154d37
NeoBundleLock vim-rspec 65735f6416feccbc0ea408f3d6fc3fefc7be0b3f
NeoBundleLock gist-vim d609d93472db9cf45bd701bebe51adc356631547
NeoBundleLock incsearch.vim 373c5845cc56fe71550675d8c7e9aff9d89e935a
NeoBundleLock unite.vim a77df27ce9304da1b2e6060784fa14ec7dc87aed
NeoBundleLock vim-gitgutter 57342e33a5b38cf3c15f4286f3c6cf166caef09a
NeoBundleLock candyVirus dec2883f26d11005c65139706f23c619217134e7
NeoBundleLock vim-tomorrow-theme f45a2ca260d825b6aee72621f8f6158d815ac472
NeoBundleLock vim-ruby 5e429a504f016c86a8989be2554239d175e366e9
NeoBundleLock vimfiler.vim 6281961a28eec81ad7da5f34a666e2b190822018
NeoBundleLock vim-extradite af4f3a51b6b654d655121b93c0cd9d8fe9a0c85d
NeoBundleLock unite-grep a63e09f44fdd4b7ca8caa943afbfe482bfc4ee18
NeoBundleLock vim-endwise 96eb11755bb2d1a5583d44e9bcd10481bca45693
NeoBundleLock vim-obsession 4ab72e07ec3e25f33066217ddaf9863c7b597cf5
NeoBundleLock junkfile.vim 959b3137dda456789d402b416d962baefc3b5ab4
NeoBundleLock sudo-gui.vim 5ee00d164d15265d31d3d948c84e61c1651da3bd
NeoBundleLock vim-commentary 9c685131a5facfa0d643feca3a61b41c007d8170
NeoBundleLock unite-outline 08e0a89494bbba2e040eebbfec894b5749c0c0e2
NeoBundleLock vim-pencil b60e5ba728c4505d3f25e7c3bc24c64e9a4ab578
NeoBundleLock neobundle.vim 982d2cac0c0d26582653e6ee0e8cd891ecac5772
NeoBundleLock unite-rails e173c8ec28c18744a0b778ef78b600ce8759914f
NeoBundleLock vim-rooter d34646afc5d9956bc4257d5663280bf5c2986bd8
NeoBundleLock neco-look 423ef2b180ceed9bf363943be4854b3f482a6280
NeoBundleLock vim-unite-giti 2159729405db75c8c0902e7b93623dc75a8b765b
NeoBundleLock vim-yankstack c6b96be20d9cfcbbcd7cc257a73274c6702d3fb7
NeoBundleLock vim-eunuch c856e5d649b9f87590aff66a84b930fce5793431
NeoBundleLock rspec.vim 0dcb42f0e043715ab43367b3efa066b12289e366
NeoBundleLock neosnippet-snippets a15cdc307a62d64c3510b4a1097a8bd174746894
NeoBundleLock vim-exchange f841536eace341ef229f48eb6f9cef3d0cd98be4
NeoBundleLock neomru.vim 7df9999b841228661ff73909c5b9e34952331e22
NeoBundleLock vim-unite-history 73c766a4dcaa52a1c0306aad81403dc4457c1776
NeoBundleLock syntastic 67ffe58818930e95163ead541a2700cec41c13f7
NeoBundleLock vim-coffee-script 827e4a38b07479433b619091469a7495a392df8a
NeoBundleLock vim-ragtag 12e379989e3258af0934e10173386235c7d69944
NeoBundleLock vim-projectionist c5fda439ed12a0850b2fcc8b1fcb543d254e495b
NeoBundleLock vim-vroom ffc2985734fb964d4d072a925ea7d0041c716893
NeoBundleLock neosnippet 811176b29b1a60a164c9878f8dcbe4a680ee32e5
NeoBundleLock vim-characterize 871364dbc2bceab0db4e365a85e208ab6dd2c4fd
NeoBundleLock seoul256.vim bfe6ba28759a00e07bff96f0bf55a73ab672f3a9
NeoBundleLock vim-colors-solarized 528a59f26d12278698bb946f8fb82a63711eec21
NeoBundleLock vim-snippets f726ac407e6947545e3bcfad4b0092b520b85e97
NeoBundleLock unite-help 5a8dc6cf157627f8ebf16ca60dec2d4125f8008f
NeoBundleLock vim-mustache-handlebars 291e49908af86f2805d1a93b6a476f04906e28e1
NeoBundleLock lightline.vim 6f71e12b8530a89bdc9f949cb70589d5289df350
NeoBundleLock webapi-vim a7789abffe936db56e3152e23733847f94755753
